
Microsoft Visual Studio Solution File, Format Version 12.00
# Visual Studio Version 17
VisualStudioVersion = 17.2.32630.192
MinimumVisualStudioVersion = 10.0.40219.1
Project("{8BC9CEB8-8B4A-11D0-8D11-00A0C91BC942}") = "vs2022_search_all_bug", "vs2022_search_all_bug.vcxproj", "{0B316F66-B35D-4620-89A1-0C5D35F5F6DF}"
EndProject
Global
	GlobalSection(SolutionConfigurationPlatforms) = preSolution
		Debug|x64 = Debug|x64
		Debug|x86 = Debug|x86
		Release|x64 = Release|x64
		Release|x86 = Release|x86
	EndGlobalSection
	GlobalSection(ProjectConfigurationPlatforms) = postSolution
		{0B316F66-B35D-4620-89A1-0C5D35F5F6DF}.Debug|x64.ActiveCfg = Debug|x64
		{0B316F66-B35D-4620-89A1-0C5D35F5F6DF}.Debug|x64.Build.0 = Debug|x64
		{0B316F66-B35D-4620-89A1-0C5D35F5F6DF}.Debug|x86.ActiveCfg = Debug|Win32
		{0B316F66-B35D-4620-89A1-0C5D35F5F6DF}.Debug|x86.Build.0 = Debug|Win32
		{0B316F66-B35D-4620-89A1-0C5D35F5F6DF}.Release|x64.ActiveCfg = Release|x64
		{0B316F66-B35D-4620-89A1-0C5D35F5F6DF}.Release|x64.Build.0 = Release|x64
		{0B316F66-B35D-4620-89A1-0C5D35F5F6DF}.Release|x86.ActiveCfg = Release|Win32
		{0B316F66-B35D-4620-89A1-0C5D35F5F6DF}.Release|x86.Build.0 = Release|Win32
	EndGlobalSection
	GlobalSection(SolutionProperties) = preSolution
		HideSolutionNode = FALSE
	EndGlobalSection
	GlobalSection(ExtensibilityGlobals) = postSolution
		SolutionGuid = {3102F8CD-16D3-4CF2-AB39-91482DBF7A4F}
	EndGlobalSection
EndGlobal
